
Microsoft Visual Studio Solution File, Format Version 12.00
# Visual Studio Version 17
VisualStudioVersion = 17.10.35013.160
MinimumVisualStudioVersion = 10.0.40219.1
Project("{FAE04EC0-301F-11D3-BF4B-00C04F79EFBC}") = "OPSC7331_ALLY_ACEDEMIC_TEAM_FOUR_API", "OPSC7331_ALLY_ACEDEMIC_TEAM_FOUR_API\OPSC7331_ALLY_ACEDEMIC_TEAM_FOUR_API.csproj", "{BFD8E2A6-6656-413B-87A3-6D111F0E31F1}"
EndProject
Global
	GlobalSection(SolutionConfigurationPlatforms) = preSolution
		Debug|Any CPU = Debug|Any CPU
		Release|Any CPU = Release|Any CPU
	EndGlobalSection
	GlobalSection(ProjectConfigurationPlatforms) = postSolution
		{BFD8E2A6-6656-413B-87A3-6D111F0E31F1}.Debug|Any CPU.ActiveCfg = Debug|Any CPU
		{BFD8E2A6-6656-413B-87A3-6D111F0E31F1}.Debug|Any CPU.Build.0 = Debug|Any CPU
		{BFD8E2A6-6656-413B-87A3-6D111F0E31F1}.Release|Any CPU.ActiveCfg = Release|Any CPU
		{BFD8E2A6-6656-413B-87A3-6D111F0E31F1}.Release|Any CPU.Build.0 = Release|Any CPU
	EndGlobalSection
	GlobalSection(SolutionProperties) = preSolution
		HideSolutionNode = FALSE
	EndGlobalSection
	GlobalSection(ExtensibilityGlobals) = postSolution
		SolutionGuid = {259C1A2D-6330-40AA-BE75-40B2E9F1D922}
	EndGlobalSection
EndGlobal
